
Microsoft Visual Studio Solution File, Format Version 12.00
# Visual Studio Version 17
VisualStudioVersion = 17.14.36518.9
MinimumVisualStudioVersion = 10.0.40219.1
Project("{FAE04EC0-301F-11D3-BF4B-00C04F79EFBC}") = "ExampleCQRS", "ExampleCQRS\ExampleCQRS.csproj", "{B8739B8B-FAB1-49DF-B4FF-D2598CD4A7BB}"
EndProject
Global
	GlobalSection(SolutionConfigurationPlatforms) = preSolution
		Debug|Any CPU = Debug|Any CPU
		Release|Any CPU = Release|Any CPU
	EndGlobalSection
	GlobalSection(ProjectConfigurationPlatforms) = postSolution
		{B8739B8B-FAB1-49DF-B4FF-D2598CD4A7BB}.Debug|Any CPU.ActiveCfg = Debug|Any CPU
		{B8739B8B-FAB1-49DF-B4FF-D2598CD4A7BB}.Debug|Any CPU.Build.0 = Debug|Any CPU
		{B8739B8B-FAB1-49DF-B4FF-D2598CD4A7BB}.Release|Any CPU.ActiveCfg = Release|Any CPU
		{B8739B8B-FAB1-49DF-B4FF-D2598CD4A7BB}.Release|Any CPU.Build.0 = Release|Any CPU
	EndGlobalSection
	GlobalSection(SolutionProperties) = preSolution
		HideSolutionNode = FALSE
	EndGlobalSection
	GlobalSection(ExtensibilityGlobals) = postSolution
		SolutionGuid = {0C0F3C80-B19A-4312-9830-AE9E812A8EB2}
	EndGlobalSection
EndGlobal
